// !$*UTF8*$!
{
	archiveVersion = 1;
	classes = {
	};
	objectVersion = 46;
	objects = {

/* Begin PBXBuildFile section */
		1B8079351C8F061100FB3F78 /* FDMBProgressHUB.m in Sources */ = {isa = PBXBuildFile; fileRef = 1B8079341C8F061100FB3F78 /* FDMBProgressHUB.m */; };
		1B8079391C8F0B8300FB3F78 /* FDXMPPTool.m in Sources */ = {isa = PBXBuildFile; fileRef = 1B8079381C8F0B8300FB3F78 /* FDXMPPTool.m */; };
		1B8E06E01C8BD40D0024EE9B /* Storyboard.storyboard in Resources */ = {isa = PBXBuildFile; fileRef = 1B8E06DF1C8BD40D0024EE9B /* Storyboard.storyboard */; };
		1B8ED6A11C8AB61C00FB09F8 /* main.m in Sources */ = {isa = PBXBuildFile; fileRef = 1B8ED6A01C8AB61C00FB09F8 /* main.m */; };
		1B8ED6A71C8AB61C00FB09F8 /* School.xcdatamodeld in Sources */ = {isa = PBXBuildFile; fileRef = 1B8ED6A51C8AB61C00FB09F8 /* School.xcdatamodeld */; };
		1B8ED6AF1C8AB61C00FB09F8 /* Images.xcassets in Resources */ = {isa = PBXBuildFile; fileRef = 1B8ED6AE1C8AB61C00FB09F8 /* Images.xcassets */; };
		1B8ED6B21C8AB61C00FB09F8 /* LaunchScreen.xib in Resources */ = {isa = PBXBuildFile; fileRef = 1B8ED6B01C8AB61C00FB09F8 /* LaunchScreen.xib */; };
		1B8ED6BE1C8AB61C00FB09F8 /* SchoolTests.m in Sources */ = {isa = PBXBuildFile; fileRef = 1B8ED6BD1C8AB61C00FB09F8 /* SchoolTests.m */; };
		1BA043EC1C8DB66500103401 /* MBProgressHUD+MJ.m in Sources */ = {isa = PBXBuildFile; fileRef = 1BA043E81C8DB66500103401 /* MBProgressHUD+MJ.m */; };
		1BA043ED1C8DB66500103401 /* MBProgressHUD.bundle in Resources */ = {isa = PBXBuildFile; fileRef = 1BA043E91C8DB66500103401 /* MBProgressHUD.bundle */; };
		1BA043EE1C8DB66500103401 /* MBProgressHUD.m in Sources */ = {isa = PBXBuildFile; fileRef = 1BA043EB1C8DB66500103401 /* MBProgressHUD.m */; };
		1BAE002B1C8AC140002B4570 /* FDLoginController.m in Sources */ = {isa = PBXBuildFile; fileRef = 1BAE002A1C8AC140002B4570 /* FDLoginController.m */; };
		1BAE00331C8AC1F3002B4570 /* FDNavigationBaseController.m in Sources */ = {isa = PBXBuildFile; fileRef = 1BAE00321C8AC1F3002B4570 /* FDNavigationBaseController.m */; };
		1BAE00361C8AC717002B4570 /* FDInputView.m in Sources */ = {isa = PBXBuildFile; fileRef = 1BAE00351C8AC717002B4570 /* FDInputView.m */; };
		1BAE00391C8AC764002B4570 /* UIView+FDViewExtension.m in Sources */ = {isa = PBXBuildFile; fileRef = 1BAE00381C8AC764002B4570 /* UIView+FDViewExtension.m */; };
		1BAEFFF31C8ABDBD002B4570 /* AppDelegate.m in Sources */ = {isa = PBXBuildFile; fileRef = 1BAEFFF21C8ABDBD002B4570 /* AppDelegate.m */; };
		1BBFDCD61C906C4B006496CE /* FDUserInfo.m in Sources */ = {isa = PBXBuildFile; fileRef = 1BBFDCD51C906C4B006496CE /* FDUserInfo.m */; };
		C36C513E786762F64D67F486 /* libPods.a in Frameworks */ = {isa = PBXBuildFile; fileRef = 937B38FDA00E2E0357395D48 /* libPods.a */; settings = {ATTRIBUTES = (Required, ); }; };
/* End PBXBuildFile section */

/* Begin PBXContainerItemProxy section */
		1B8ED6B81C8AB61C00FB09F8 /* PBXContainerItemProxy */ = {
			isa = PBXContainerItemProxy;
			containerPortal = 1B8ED6931C8AB61C00FB09F8 /* Project object */;
			proxyType = 1;
			remoteGlobalIDString = 1B8ED69A1C8AB61C00FB09F8;
			remoteInfo = School;
		};
/* End PBXContainerItemProxy section */

/* Begin PBXFileReference section */
		1B8079331C8F061100FB3F78 /* FDMBProgressHUB.h */ = {isa = PBXFileReference; fileEncoding = 4; lastKnownFileType = sourcecode.c.h; name = FDMBProgressHUB.h; path = School/Lib/FDMBProgressHUD/FDMBProgressHUB.h; sourceTree = SOURCE_ROOT; };
		1B8079341C8F061100FB3F78 /* FDMBProgressHUB.m */ = {isa = PBXFileReference; fileEncoding = 4; lastKnownFileType = sourcecode.c.objc; name = FDMBProgressHUB.m; path = School/Lib/FDMBProgressHUD/FDMBProgressHUB.m; sourceTree = SOURCE_ROOT; };
		1B8079371C8F0B8300FB3F78 /* FDXMPPTool.h */ = {isa = PBXFileReference; fileEncoding = 4; lastKnownFileType = sourcecode.c.h; path = FDXMPPTool.h; sourceTree = "<group>"; };
		1B8079381C8F0B8300FB3F78 /* FDXMPPTool.m */ = {isa = PBXFileReference; fileEncoding = 4; lastKnownFileType = sourcecode.c.objc; path = FDXMPPTool.m; sourceTree = "<group>"; };
		1B8E06DF1C8BD40D0024EE9B /* Storyboard.storyboard */ = {isa = PBXFileReference; fileEncoding = 4; lastKnownFileType = file.storyboard; path = Storyboard.storyboard; sourceTree = "<group>"; };
		1B8ED69B1C8AB61C00FB09F8 /* School.app */ = {isa = PBXFileReference; explicitFileType = wrapper.application; includeInIndex = 0; path = School.app; sourceTree = BUILT_PRODUCTS_DIR; };
		1B8ED69F1C8AB61C00FB09F8 /* Info.plist */ = {isa = PBXFileReference; lastKnownFileType = text.plist.xml; path = Info.plist; sourceTree = "<group>"; };
		1B8ED6A01C8AB61C00FB09F8 /* main.m */ = {isa = PBXFileReference; lastKnownFileType = sourcecode.c.objc; path = main.m; sourceTree = "<group>"; };
		1B8ED6A61C8AB61C00FB09F8 /* School.xcdatamodel */ = {isa = PBXFileReference; lastKnownFileType = wrapper.xcdatamodel; path = School.xcdatamodel; sourceTree = "<group>"; };
		1B8ED6AE1C8AB61C00FB09F8 /* Images.xcassets */ = {isa = PBXFileReference; lastKnownFileType = folder.assetcatalog; path = Images.xcassets; sourceTree = "<group>"; };
		1B8ED6B11C8AB61C00FB09F8 /* Base */ = {isa = PBXFileReference; lastKnownFileType = file.xib; name = Base; path = Base.lproj/LaunchScreen.xib; sourceTree = "<group>"; };
		1B8ED6B71C8AB61C00FB09F8 /* SchoolTests.xctest */ = {isa = PBXFileReference; explicitFileType = wrapper.cfbundle; includeInIndex = 0; path = SchoolTests.xctest; sourceTree = BUILT_PRODUCTS_DIR; };
		1B8ED6BC1C8AB61C00FB09F8 /* Info.plist */ = {isa = PBXFileReference; lastKnownFileType = text.plist.xml; path = Info.plist; sourceTree = "<group>"; };
		1B8ED6BD1C8AB61C00FB09F8 /* SchoolTests.m */ = {isa = PBXFileReference; lastKnownFileType = sourcecode.c.objc; path = SchoolTests.m; sourceTree = "<group>"; };
		1BA043E71C8DB66500103401 /* MBProgressHUD+MJ.h */ = {isa = PBXFileReference; fileEncoding = 4; lastKnownFileType = sourcecode.c.h; path = "MBProgressHUD+MJ.h"; sourceTree = "<group>"; };
		1BA043E81C8DB66500103401 /* MBProgressHUD+MJ.m */ = {isa = PBXFileReference; fileEncoding = 4; lastKnownFileType = sourcecode.c.objc; path = "MBProgressHUD+MJ.m"; sourceTree = "<group>"; };
		1BA043E91C8DB66500103401 /* MBProgressHUD.bundle */ = {isa = PBXFileReference; lastKnownFileType = "wrapper.plug-in"; path = MBProgressHUD.bundle; sourceTree = "<group>"; };
		1BA043EA1C8DB66500103401 /* MBProgressHUD.h */ = {isa = PBXFileReference; fileEncoding = 4; lastKnownFileType = sourcecode.c.h; path = MBProgressHUD.h; sourceTree = "<group>"; };
		1BA043EB1C8DB66500103401 /* MBProgressHUD.m */ = {isa = PBXFileReference; fileEncoding = 4; lastKnownFileType = sourcecode.c.objc; path = MBProgressHUD.m; sourceTree = "<group>"; };
		1BAE00281C8ABE2C002B4570 /* PrefixHeader.pch */ = {isa = PBXFileReference; fileEncoding = 4; lastKnownFileType = sourcecode.c.h; path = PrefixHeader.pch; sourceTree = "<group>"; };
		1BAE00291C8AC140002B4570 /* FDLoginController.h */ = {isa = PBXFileReference; fileEncoding = 4; lastKnownFileType = sourcecode.c.h; path = FDLoginController.h; sourceTree = "<group>"; };
		1BAE002A1C8AC140002B4570 /* FDLoginController.m */ = {isa = PBXFileReference; fileEncoding = 4; lastKnownFileType = sourcecode.c.objc; path = FDLoginController.m; sourceTree = "<group>"; };
		1BAE00311C8AC1F3002B4570 /* FDNavigationBaseController.h */ = {isa = PBXFileReference; fileEncoding = 4; lastKnownFileType = sourcecode.c.h; path = FDNavigationBaseController.h; sourceTree = "<group>"; };
		1BAE00321C8AC1F3002B4570 /* FDNavigationBaseController.m */ = {isa = PBXFileReference; fileEncoding = 4; lastKnownFileType = sourcecode.c.objc; path = FDNavigationBaseController.m; sourceTree = "<group>"; };
		1BAE00341C8AC717002B4570 /* FDInputView.h */ = {isa = PBXFileReference; fileEncoding = 4; lastKnownFileType = sourcecode.c.h; path = FDInputView.h; sourceTree = "<group>"; };
		1BAE00351C8AC717002B4570 /* FDInputView.m */ = {isa = PBXFileReference; fileEncoding = 4; lastKnownFileType = sourcecode.c.objc; path = FDInputView.m; sourceTree = "<group>"; };
		1BAE00371C8AC764002B4570 /* UIView+FDViewExtension.h */ = {isa = PBXFileReference; fileEncoding = 4; lastKnownFileType = sourcecode.c.h; path = "UIView+FDViewExtension.h"; sourceTree = "<group>"; };
		1BAE00381C8AC764002B4570 /* UIView+FDViewExtension.m */ = {isa = PBXFileReference; fileEncoding = 4; lastKnownFileType = sourcecode.c.objc; path = "UIView+FDViewExtension.m"; sourceTree = "<group>"; };
		1BAEFFF11C8ABDBD002B4570 /* AppDelegate.h */ = {isa = PBXFileReference; fileEncoding = 4; lastKnownFileType = sourcecode.c.h; path = AppDelegate.h; sourceTree = "<group>"; };
		1BAEFFF21C8ABDBD002B4570 /* AppDelegate.m */ = {isa = PBXFileReference; fileEncoding = 4; lastKnownFileType = sourcecode.c.objc; path = AppDelegate.m; sourceTree = "<group>"; };
		1BBFDCD41C906C4B006496CE /* FDUserInfo.h */ = {isa = PBXFileReference; fileEncoding = 4; lastKnownFileType = sourcecode.c.h; path = FDUserInfo.h; sourceTree = "<group>"; };
		1BBFDCD51C906C4B006496CE /* FDUserInfo.m */ = {isa = PBXFileReference; fileEncoding = 4; lastKnownFileType = sourcecode.c.objc; path = FDUserInfo.m; sourceTree = "<group>"; };
		1BBFDCD71C906C96006496CE /* FDSingleton.h */ = {isa = PBXFileReference; fileEncoding = 4; lastKnownFileType = sourcecode.c.h; path = FDSingleton.h; sourceTree = "<group>"; };
		347A777F4F80539A01167F4C /* Pods.debug.xcconfig */ = {isa = PBXFileReference; includeInIndex = 1; lastKnownFileType = text.xcconfig; name = Pods.debug.xcconfig; path = "Pods/Target Support Files/Pods/Pods.debug.xcconfig"; sourceTree = "<group>"; };
		937B38FDA00E2E0357395D48 /* libPods.a */ = {isa = PBXFileReference; explicitFileType = archive.ar; includeInIndex = 0; path = libPods.a; sourceTree = BUILT_PRODUCTS_DIR; };
		D9533113CCF834505D451ABE /* Pods.release.xcconfig */ = {isa = PBXFileReference; includeInIndex = 1; lastKnownFileType = text.xcconfig; name = Pods.release.xcconfig; path = "Pods/Target Support Files/Pods/Pods.release.xcconfig"; sourceTree = "<group>"; };
/* End PBXFileReference section */

/* Begin PBXFrameworksBuildPhase section */
		1B8ED6981C8AB61C00FB09F8 /* Frameworks */ = {
			isa = PBXFrameworksBuildPhase;
			buildActionMask = 2147483647;
			files = (
				C36C513E786762F64D67F486 /* libPods.a in Frameworks */,
			);
			runOnlyForDeploymentPostprocessing = 0;
		};
		1B8ED6B41C8AB61C00FB09F8 /* Frameworks */ = {
			isa = PBXFrameworksBuildPhase;
			buildActionMask = 2147483647;
			files = (
			);
			runOnlyForDeploymentPostprocessing = 0;
		};
/* End PBXFrameworksBuildPhase section */

/* Begin PBXGroup section */
		1B8079321C8F05D000FB3F78 /* FDMBProgressHUD */ = {
			isa = PBXGroup;
			children = (
				1B8079331C8F061100FB3F78 /* FDMBProgressHUB.h */,
				1B8079341C8F061100FB3F78 /* FDMBProgressHUB.m */,
			);
			path = FDMBProgressHUD;
			sourceTree = "<group>";
		};
		1B8079361C8F0B6500FB3F78 /* Singleton */ = {
			isa = PBXGroup;
			children = (
				1B8079371C8F0B8300FB3F78 /* FDXMPPTool.h */,
				1B8079381C8F0B8300FB3F78 /* FDXMPPTool.m */,
				1BBFDCD41C906C4B006496CE /* FDUserInfo.h */,
				1BBFDCD51C906C4B006496CE /* FDUserInfo.m */,
				1BBFDCD71C906C96006496CE /* FDSingleton.h */,
			);
			path = Singleton;
			sourceTree = "<group>";
		};
		1B8ED6921C8AB61C00FB09F8 = {
			isa = PBXGroup;
			children = (
				1B8ED69D1C8AB61C00FB09F8 /* School */,
				1B8ED6BA1C8AB61C00FB09F8 /* SchoolTests */,
				1B8ED69C1C8AB61C00FB09F8 /* Products */,
				D6F40E25E43305695EF3F72A /* Pods */,
				E35F5E822CCDF818AF0198B7 /* Frameworks */,
			);
			sourceTree = "<group>";
		};
		1B8ED69C1C8AB61C00FB09F8 /* Products */ = {
			isa = PBXGroup;
			children = (
				1B8ED69B1C8AB61C00FB09F8 /* School.app */,
				1B8ED6B71C8AB61C00FB09F8 /* SchoolTests.xctest */,
			);
			name = Products;
			sourceTree = "<group>";
		};
		1B8ED69D1C8AB61C00FB09F8 /* School */ = {
			isa = PBXGroup;
			children = (
				1B8079361C8F0B6500FB3F78 /* Singleton */,
				1BA043E51C8DB66500103401 /* Lib */,
				1BAE000E1C8ABDC9002B4570 /* Register */,
				1BAEFFF41C8ABDC9002B4570 /* Login */,
				1BAEFFF91C8ABDC9002B4570 /* Organizations */,
				1BAE00131C8ABDC9002B4570 /* Students */,
				1B8ED6AE1C8AB61C00FB09F8 /* Images.xcassets */,
				1BAEFFF11C8ABDBD002B4570 /* AppDelegate.h */,
				1BAEFFF21C8ABDBD002B4570 /* AppDelegate.m */,
				1B8ED6A51C8AB61C00FB09F8 /* School.xcdatamodeld */,
				1B8ED6B01C8AB61C00FB09F8 /* LaunchScreen.xib */,
				1B8ED69E1C8AB61C00FB09F8 /* Supporting Files */,
				1B8E06DF1C8BD40D0024EE9B /* Storyboard.storyboard */,
			);
			path = School;
			sourceTree = "<group>";
		};
		1B8ED69E1C8AB61C00FB09F8 /* Supporting Files */ = {
			isa = PBXGroup;
			children = (
				1B8ED69F1C8AB61C00FB09F8 /* Info.plist */,
				1B8ED6A01C8AB61C00FB09F8 /* main.m */,
				1BAE00281C8ABE2C002B4570 /* PrefixHeader.pch */,
			);
			name = "Supporting Files";
			sourceTree = "<group>";
		};
		1B8ED6BA1C8AB61C00FB09F8 /* SchoolTests */ = {
			isa = PBXGroup;
			children = (
				1B8ED6BD1C8AB61C00FB09F8 /* SchoolTests.m */,
				1B8ED6BB1C8AB61C00FB09F8 /* Supporting Files */,
			);
			path = SchoolTests;
			sourceTree = "<group>";
		};
		1B8ED6BB1C8AB61C00FB09F8 /* Supporting Files */ = {
			isa = PBXGroup;
			children = (
				1B8ED6BC1C8AB61C00FB09F8 /* Info.plist */,
			);
			name = "Supporting Files";
			sourceTree = "<group>";
		};
		1BA043E51C8DB66500103401 /* Lib */ = {
			isa = PBXGroup;
			children = (
				1B8079321C8F05D000FB3F78 /* FDMBProgressHUD */,
				1BA043E61C8DB66500103401 /* MBProgressHUD */,
			);
			path = Lib;
			sourceTree = "<group>";
		};
		1BA043E61C8DB66500103401 /* MBProgressHUD */ = {
			isa = PBXGroup;
			children = (
				1BA043E71C8DB66500103401 /* MBProgressHUD+MJ.h */,
				1BA043E81C8DB66500103401 /* MBProgressHUD+MJ.m */,
				1BA043E91C8DB66500103401 /* MBProgressHUD.bundle */,
				1BA043EA1C8DB66500103401 /* MBProgressHUD.h */,
				1BA043EB1C8DB66500103401 /* MBProgressHUD.m */,
			);
			path = MBProgressHUD;
			sourceTree = "<group>";
		};
		1BAE00001C8ABDC9002B4570 /* Controllers */ = {
			isa = PBXGroup;
			children = (
			);
			path = Controllers;
			sourceTree = "<group>";
		};
		1BAE00011C8ABDC9002B4570 /* Models */ = {
			isa = PBXGroup;
			children = (
			);
			path = Models;
			sourceTree = "<group>";
		};
		1BAE00021C8ABDC9002B4570 /* Others */ = {
			isa = PBXGroup;
			children = (
			);
			path = Others;
			sourceTree = "<group>";
		};
		1BAE00031C8ABDC9002B4570 /* Views */ = {
			isa = PBXGroup;
			children = (
			);
			path = Views;
			sourceTree = "<group>";
		};
		1BAE00041C8ABDC9002B4570 /* Setting */ = {
			isa = PBXGroup;
			children = (
				1BAE00051C8ABDC9002B4570 /* Controllers */,
				1BAE00061C8ABDC9002B4570 /* Models */,
				1BAE00071C8ABDC9002B4570 /* Others */,
				1BAE00081C8ABDC9002B4570 /* Views */,
			);
			path = Setting;
			sourceTree = "<group>";
		};
		1BAE00051C8ABDC9002B4570 /* Controllers */ = {
			isa = PBXGroup;
			children = (
			);
			path = Controllers;
			sourceTree = "<group>";
		};
		1BAE00061C8ABDC9002B4570 /* Models */ = {
			isa = PBXGroup;
			children = (
			);
			path = Models;
			sourceTree = "<group>";
		};
		1BAE00071C8ABDC9002B4570 /* Others */ = {
			isa = PBXGroup;
			children = (
			);
			path = Others;
			sourceTree = "<group>";
		};
		1BAE00081C8ABDC9002B4570 /* Views */ = {
			isa = PBXGroup;
			children = (
			);
			path = Views;
			sourceTree = "<group>";
		};
		1BAE00091C8ABDC9002B4570 /* Students */ = {
			isa = PBXGroup;
			children = (
				1BAE000A1C8ABDC9002B4570 /* Controllers */,
				1BAE000B1C8ABDC9002B4570 /* Models */,
				1BAE000C1C8ABDC9002B4570 /* Others */,
				1BAE000D1C8ABDC9002B4570 /* Views */,
			);
			path = Students;
			sourceTree = "<group>";
		};
		1BAE000A1C8ABDC9002B4570 /* Controllers */ = {
			isa = PBXGroup;
			children = (
			);
			path = Controllers;
			sourceTree = "<group>";
		};
		1BAE000B1C8ABDC9002B4570 /* Models */ = {
			isa = PBXGroup;
			children = (
			);
			path = Models;
			sourceTree = "<group>";
		};
		1BAE000C1C8ABDC9002B4570 /* Others */ = {
			isa = PBXGroup;
			children = (
			);
			path = Others;
			sourceTree = "<group>";
		};
		1BAE000D1C8ABDC9002B4570 /* Views */ = {
			isa = PBXGroup;
			children = (
			);
			path = Views;
			sourceTree = "<group>";
		};
		1BAE000E1C8ABDC9002B4570 /* Register */ = {
			isa = PBXGroup;
			children = (
				1BAE000F1C8ABDC9002B4570 /* Controllers */,
				1BAE00101C8ABDC9002B4570 /* Models */,
				1BAE00111C8ABDC9002B4570 /* Others */,
				1BAE00121C8ABDC9002B4570 /* Views */,
			);
			path = Register;
			sourceTree = "<group>";
		};
		1BAE000F1C8ABDC9002B4570 /* Controllers */ = {
			isa = PBXGroup;
			children = (
			);
			path = Controllers;
			sourceTree = "<group>";
		};
		1BAE00101C8ABDC9002B4570 /* Models */ = {
			isa = PBXGroup;
			children = (
			);
			path = Models;
			sourceTree = "<group>";
		};
		1BAE00111C8ABDC9002B4570 /* Others */ = {
			isa = PBXGroup;
			children = (
			);
			path = Others;
			sourceTree = "<group>";
		};
		1BAE00121C8ABDC9002B4570 /* Views */ = {
			isa = PBXGroup;
			children = (
			);
			path = Views;
			sourceTree = "<group>";
		};
		1BAE00131C8ABDC9002B4570 /* Students */ = {
			isa = PBXGroup;
			children = (
				1BAE00141C8ABDC9002B4570 /* Contacts */,
				1BAE00191C8ABDC9002B4570 /* Discovers */,
				1BAE001E1C8ABDC9002B4570 /* Organizations */,
				1BAE00231C8ABDC9002B4570 /* Setting */,
			);
			path = Students;
			sourceTree = "<group>";
		};
		1BAE00141C8ABDC9002B4570 /* Contacts */ = {
			isa = PBXGroup;
			children = (
				1BAE00151C8ABDC9002B4570 /* Controllers */,
				1BAE00161C8ABDC9002B4570 /* Models */,
				1BAE00171C8ABDC9002B4570 /* Others */,
				1BAE00181C8ABDC9002B4570 /* Views */,
			);
			path = Contacts;
			sourceTree = "<group>";
		};
		1BAE00151C8ABDC9002B4570 /* Controllers */ = {
			isa = PBXGroup;
			children = (
			);
			path = Controllers;
			sourceTree = "<group>";
		};
		1BAE00161C8ABDC9002B4570 /* Models */ = {
			isa = PBXGroup;
			children = (
			);
			path = Models;
			sourceTree = "<group>";
		};
		1BAE00171C8ABDC9002B4570 /* Others */ = {
			isa = PBXGroup;
			children = (
			);
			path = Others;
			sourceTree = "<group>";
		};
		1BAE00181C8ABDC9002B4570 /* Views */ = {
			isa = PBXGroup;
			children = (
			);
			path = Views;
			sourceTree = "<group>";
		};
		1BAE00191C8ABDC9002B4570 /* Discovers */ = {
			isa = PBXGroup;
			children = (
				1BAE001A1C8ABDC9002B4570 /* Controllers */,
				1BAE001B1C8ABDC9002B4570 /* Models */,
				1BAE001C1C8ABDC9002B4570 /* Others */,
				1BAE001D1C8ABDC9002B4570 /* Views */,
			);
			path = Discovers;
			sourceTree = "<group>";
		};
		1BAE001A1C8ABDC9002B4570 /* Controllers */ = {
			isa = PBXGroup;
			children = (
			);
			path = Controllers;
			sourceTree = "<group>";
		};
		1BAE001B1C8ABDC9002B4570 /* Models */ = {
			isa = PBXGroup;
			children = (
			);
			path = Models;
			sourceTree = "<group>";
		};
		1BAE001C1C8ABDC9002B4570 /* Others */ = {
			isa = PBXGroup;
			children = (
			);
			path = Others;
			sourceTree = "<group>";
		};
		1BAE001D1C8ABDC9002B4570 /* Views */ = {
			isa = PBXGroup;
			children = (
			);
			path = Views;
			sourceTree = "<group>";
		};
		1BAE001E1C8ABDC9002B4570 /* Organizations */ = {
			isa = PBXGroup;
			children = (
				1BAE001F1C8ABDC9002B4570 /* Controllers */,
				1BAE00201C8ABDC9002B4570 /* Models */,
				1BAE00211C8ABDC9002B4570 /* Others */,
				1BAE00221C8ABDC9002B4570 /* Views */,
			);
			path = Organizations;
			sourceTree = "<group>";
		};
		1BAE001F1C8ABDC9002B4570 /* Controllers */ = {
			isa = PBXGroup;
			children = (
			);
			path = Controllers;
			sourceTree = "<group>";
		};
		1BAE00201C8ABDC9002B4570 /* Models */ = {
			isa = PBXGroup;
			children = (
			);
			path = Models;
			sourceTree = "<group>";
		};
		1BAE00211C8ABDC9002B4570 /* Others */ = {
			isa = PBXGroup;
			children = (
			);
			path = Others;
			sourceTree = "<group>";
		};
		1BAE00221C8ABDC9002B4570 /* Views */ = {
			isa = PBXGroup;
			children = (
			);
			path = Views;
			sourceTree = "<group>";
		};
		1BAE00231C8ABDC9002B4570 /* Setting */ = {
			isa = PBXGroup;
			children = (
				1BAE00241C8ABDC9002B4570 /* Controllers */,
				1BAE00251C8ABDC9002B4570 /* Models */,
				1BAE00261C8ABDC9002B4570 /* Others */,
				1BAE00271C8ABDC9002B4570 /* Views */,
			);
			path = Setting;
			sourceTree = "<group>";
		};
		1BAE00241C8ABDC9002B4570 /* Controllers */ = {
			isa = PBXGroup;
			children = (
			);
			path = Controllers;
			sourceTree = "<group>";
		};
		1BAE00251C8ABDC9002B4570 /* Models */ = {
			isa = PBXGroup;
			children = (
			);
			path = Models;
			sourceTree = "<group>";
		};
		1BAE00261C8ABDC9002B4570 /* Others */ = {
			isa = PBXGroup;
			children = (
			);
			path = Others;
			sourceTree = "<group>";
		};
		1BAE00271C8ABDC9002B4570 /* Views */ = {
			isa = PBXGroup;
			children = (
			);
			path = Views;
			sourceTree = "<group>";
		};
		1BAE002C1C8AC1BA002B4570 /* Common */ = {
			isa = PBXGroup;
			children = (
				1BAE002D1C8AC1BA002B4570 /* Controllers */,
				1BAE002E1C8AC1BA002B4570 /* Models */,
				1BAE002F1C8AC1BA002B4570 /* Others */,
				1BAE00301C8AC1BA002B4570 /* Views */,
			);
			path = Common;
			sourceTree = "<group>";
		};
		1BAE002D1C8AC1BA002B4570 /* Controllers */ = {
			isa = PBXGroup;
			children = (
				1BAE00311C8AC1F3002B4570 /* FDNavigationBaseController.h */,
				1BAE00321C8AC1F3002B4570 /* FDNavigationBaseController.m */,
			);
			path = Controllers;
			sourceTree = "<group>";
		};
		1BAE002E1C8AC1BA002B4570 /* Models */ = {
			isa = PBXGroup;
			children = (
			);
			path = Models;
			sourceTree = "<group>";
		};
		1BAE002F1C8AC1BA002B4570 /* Others */ = {
			isa = PBXGroup;
			children = (
			);
			path = Others;
			sourceTree = "<group>";
		};
		1BAE00301C8AC1BA002B4570 /* Views */ = {
			isa = PBXGroup;
			children = (
				1BAE00371C8AC764002B4570 /* UIView+FDViewExtension.h */,
				1BAE00381C8AC764002B4570 /* UIView+FDViewExtension.m */,
			);
			path = Views;
			sourceTree = "<group>";
		};
		1BAEFFF41C8ABDC9002B4570 /* Login */ = {
			isa = PBXGroup;
			children = (
				1BAE002C1C8AC1BA002B4570 /* Common */,
				1BAEFFF51C8ABDC9002B4570 /* Controllers */,
				1BAEFFF61C8ABDC9002B4570 /* Models */,
				1BAEFFF71C8ABDC9002B4570 /* Others */,
				1BAEFFF81C8ABDC9002B4570 /* Views */,
			);
			path = Login;
			sourceTree = "<group>";
		};
		1BAEFFF51C8ABDC9002B4570 /* Controllers */ = {
			isa = PBXGroup;
			children = (
				1BAE00291C8AC140002B4570 /* FDLoginController.h */,
				1BAE002A1C8AC140002B4570 /* FDLoginController.m */,
			);
			path = Controllers;
			sourceTree = "<group>";
		};
		1BAEFFF61C8ABDC9002B4570 /* Models */ = {
			isa = PBXGroup;
			children = (
			);
			path = Models;
			sourceTree = "<group>";
		};
		1BAEFFF71C8ABDC9002B4570 /* Others */ = {
			isa = PBXGroup;
			children = (
			);
			path = Others;
			sourceTree = "<group>";
		};
		1BAEFFF81C8ABDC9002B4570 /* Views */ = {
			isa = PBXGroup;
			children = (
				1BAE00341C8AC717002B4570 /* FDInputView.h */,
				1BAE00351C8AC717002B4570 /* FDInputView.m */,
			);
			path = Views;
			sourceTree = "<group>";
		};
		1BAEFFF91C8ABDC9002B4570 /* Organizations */ = {
			isa = PBXGroup;
			children = (
				1BAEFFFA1C8ABDC9002B4570 /* Contacts */,
				1BAEFFFF1C8ABDC9002B4570 /* Discovers */,
				1BAE00041C8ABDC9002B4570 /* Setting */,
				1BAE00091C8ABDC9002B4570 /* Students */,
			);
			path = Organizations;
			sourceTree = "<group>";
		};
		1BAEFFFA1C8ABDC9002B4570 /* Contacts */ = {
			isa = PBXGroup;
			children = (
				1BAEFFFB1C8ABDC9002B4570 /* Controllers */,
				1BAEFFFC1C8ABDC9002B4570 /* Models */,
				1BAEFFFD1C8ABDC9002B4570 /* Others */,
				1BAEFFFE1C8ABDC9002B4570 /* Views */,
			);
			path = Contacts;
			sourceTree = "<group>";
		};
		1BAEFFFB1C8ABDC9002B4570 /* Controllers */ = {
			isa = PBXGroup;
			children = (
			);
			path = Controllers;
			sourceTree = "<group>";
		};
		1BAEFFFC1C8ABDC9002B4570 /* Models */ = {
			isa = PBXGroup;
			children = (
			);
			path = Models;
			sourceTree = "<group>";
		};
		1BAEFFFD1C8ABDC9002B4570 /* Others */ = {
			isa = PBXGroup;
			children = (
			);
			path = Others;
			sourceTree = "<group>";
		};
		1BAEFFFE1C8ABDC9002B4570 /* Views */ = {
			isa = PBXGroup;
			children = (
			);
			path = Views;
			sourceTree = "<group>";
		};
		1BAEFFFF1C8ABDC9002B4570 /* Discovers */ = {
			isa = PBXGroup;
			children = (
				1BAE00001C8ABDC9002B4570 /* Controllers */,
				1BAE00011C8ABDC9002B4570 /* Models */,
				1BAE00021C8ABDC9002B4570 /* Others */,
				1BAE00031C8ABDC9002B4570 /* Views */,
			);
			path = Discovers;
			sourceTree = "<group>";
		};
		D6F40E25E43305695EF3F72A /* Pods */ = {
			isa = PBXGroup;
			children = (
				347A777F4F80539A01167F4C /* Pods.debug.xcconfig */,
				D9533113CCF834505D451ABE /* Pods.release.xcconfig */,
			);
			name = Pods;
			sourceTree = "<group>";
		};
		E35F5E822CCDF818AF0198B7 /* Frameworks */ = {
			isa = PBXGroup;
			children = (
				937B38FDA00E2E0357395D48 /* libPods.a */,
			);
			name = Frameworks;
			sourceTree = "<group>";
		};
/* End PBXGroup section */

/* Begin PBXNativeTarget section */
		1B8ED69A1C8AB61C00FB09F8 /* School */ = {
			isa = PBXNativeTarget;
			buildConfigurationList = 1B8ED6C11C8AB61C00FB09F8 /* Build configuration list for PBXNativeTarget "School" */;
			buildPhases = (
				1DDCC221F481E9839753DF27 /* Check Pods Manifest.lock */,
				1B8ED6971C8AB61C00FB09F8 /* Sources */,
				1B8ED6981C8AB61C00FB09F8 /* Frameworks */,
				1B8ED6991C8AB61C00FB09F8 /* Resources */,
				6C95BBE22872E5355A9A5CCC /* Embed Pods Frameworks */,
				105EE4107454F9E6CE9901E5 /* Copy Pods Resources */,
			);
			buildRules = (
			);
			dependencies = (
			);
			name = School;
			productName = School;
			productReference = 1B8ED69B1C8AB61C00FB09F8 /* School.app */;
			productType = "com.apple.product-type.application";
		};
		1B8ED6B61C8AB61C00FB09F8 /* SchoolTests */ = {
			isa = PBXNativeTarget;
			buildConfigurationList = 1B8ED6C41C8AB61C00FB09F8 /* Build configuration list for PBXNativeTarget "SchoolTests" */;
			buildPhases = (
				1B8ED6B31C8AB61C00FB09F8 /* Sources */,
				1B8ED6B41C8AB61C00FB09F8 /* Frameworks */,
				1B8ED6B51C8AB61C00FB09F8 /* Resources */,
			);
			buildRules = (
			);
			dependencies = (
				1B8ED6B91C8AB61C00FB09F8 /* PBXTargetDependency */,
			);
			name = SchoolTests;
			productName = SchoolTests;
			productReference = 1B8ED6B71C8AB61C00FB09F8 /* SchoolTests.xctest */;
			productType = "com.apple.product-type.bundle.unit-test";
		};
/* End PBXNativeTarget section */

/* Begin PBXProject section */
		1B8ED6931C8AB61C00FB09F8 /* Project object */ = {
			isa = PBXProject;
			attributes = {
				CLASSPREFIX = FD;
				LastUpgradeCheck = 0640;
				ORGANIZATIONNAME = asus;
				TargetAttributes = {
					1B8ED69A1C8AB61C00FB09F8 = {
						CreatedOnToolsVersion = 6.4;
					};
					1B8ED6B61C8AB61C00FB09F8 = {
						CreatedOnToolsVersion = 6.4;
						TestTargetID = 1B8ED69A1C8AB61C00FB09F8;
					};
				};
			};
			buildConfigurationList = 1B8ED6961C8AB61C00FB09F8 /* Build configuration list for PBXProject "School" */;
			compatibilityVersion = "Xcode 3.2";
			developmentRegion = English;
			hasScannedForEncodings = 0;
			knownRegions = (
				en,
				Base,
			);
			mainGroup = 1B8ED6921C8AB61C00FB09F8;
			productRefGroup = 1B8ED69C1C8AB61C00FB09F8 /* Products */;
			projectDirPath = "";
			projectRoot = "";
			targets = (
				1B8ED69A1C8AB61C00FB09F8 /* School */,
				1B8ED6B61C8AB61C00FB09F8 /* SchoolTests */,
			);
		};
/* End PBXProject section */

/* Begin PBXResourcesBuildPhase section */
		1B8ED6991C8AB61C00FB09F8 /* Resources */ = {
			isa = PBXResourcesBuildPhase;
			buildActionMask = 2147483647;
			files = (
				1B8ED6B21C8AB61C00FB09F8 /* LaunchScreen.xib in Resources */,
				1BA043ED1C8DB66500103401 /* MBProgressHUD.bundle in Resources */,
				1B8ED6AF1C8AB61C00FB09F8 /* Images.xcassets in Resources */,
				1B8E06E01C8BD40D0024EE9B /* Storyboard.storyboard in Resources */,
			);
			runOnlyForDeploymentPostprocessing = 0;
		};
		1B8ED6B51C8AB61C00FB09F8 /* Resources */ = {
			isa = PBXResourcesBuildPhase;
			buildActionMask = 2147483647;
			files = (
			);
			runOnlyForDeploymentPostprocessing = 0;
		};
/* End PBXResourcesBuildPhase section */

/* Begin PBXShellScriptBuildPhase section */
		105EE4107454F9E6CE9901E5 /* Copy Pods Resources */ = {
			isa = PBXShellScriptBuildPhase;
			buildActionMask = 2147483647;
			files = (
			);
			inputPaths = (
			);
			name = "Copy Pods Resources";
			outputPaths = (
			);
			runOnlyForDeploymentPostprocessing = 0;
			shellPath = /bin/sh;
			shellScript = "\"${SRCROOT}/Pods/Target Support Files/Pods/Pods-resources.sh\"\n";
			showEnvVarsInLog = 0;
		};
		1DDCC221F481E9839753DF27 /* Check Pods Manifest.lock */ = {
			isa = PBXShellScriptBuildPhase;
			buildActionMask = 2147483647;
			files = (
			);
			inputPaths = (
			);
			name = "Check Pods Manifest.lock";
			outputPaths = (
			);
			runOnlyForDeploymentPostprocessing = 0;
			shellPath = /bin/sh;
			shellScript = "diff \"${PODS_ROOT}/../Podfile.lock\" \"${PODS_ROOT}/Manifest.lock\" > /dev/null\nif [[ $? != 0 ]] ; then\n    cat << EOM\nerror: The sandbox is not in sync with the Podfile.lock. Run 'pod install' or update your CocoaPods installation.\nEOM\n    exit 1\nfi\n";
			showEnvVarsInLog = 0;
		};
		6C95BBE22872E5355A9A5CCC /* Embed Pods Frameworks */ = {
			isa = PBXShellScriptBuildPhase;
			buildActionMask = 2147483647;
			files = (
			);
			inputPaths = (
			);
			name = "Embed Pods Frameworks";
			outputPaths = (
			);
			runOnlyForDeploymentPostprocessing = 0;
			shellPath = /bin/sh;
			shellScript = "\"${SRCROOT}/Pods/Target Support Files/Pods/Pods-frameworks.sh\"\n";
			showEnvVarsInLog = 0;
		};
/* End PBXShellScriptBuildPhase section */

/* Begin PBXSourcesBuildPhase section */
		1B8ED6971C8AB61C00FB09F8 /* Sources */ = {
			isa = PBXSourcesBuildPhase;
			buildActionMask = 2147483647;
			files = (
				1BAE00391C8AC764002B4570 /* UIView+FDViewExtension.m in Sources */,
				1BAE00331C8AC1F3002B4570 /* FDNavigationBaseController.m in Sources */,
				1B8079391C8F0B8300FB3F78 /* FDXMPPTool.m in Sources */,
				1BAE00361C8AC717002B4570 /* FDInputView.m in Sources */,
				1B8ED6A71C8AB61C00FB09F8 /* School.xcdatamodeld in Sources */,
				1BA043EE1C8DB66500103401 /* MBProgressHUD.m in Sources */,
				1BA043EC1C8DB66500103401 /* MBProgressHUD+MJ.m in Sources */,
				1BAE002B1C8AC140002B4570 /* FDLoginController.m in Sources */,
				1BBFDCD61C906C4B006496CE /* FDUserInfo.m in Sources */,
				1B8ED6A11C8AB61C00FB09F8 /* main.m in Sources */,
				1BAEFFF31C8ABDBD002B4570 /* AppDelegate.m in Sources */,
				1B8079351C8F061100FB3F78 /* FDMBProgressHUB.m in Sources */,
			);
			runOnlyForDeploymentPostprocessing = 0;
		};
		1B8ED6B31C8AB61C00FB09F8 /* Sources */ = {
			isa = PBXSourcesBuildPhase;
			buildActionMask = 2147483647;
			files = (
				1B8ED6BE1C8AB61C00FB09F8 /* SchoolTests.m in Sources */,
			);
			runOnlyForDeploymentPostprocessing = 0;
		};
/* End PBXSourcesBuildPhase section */

/* Begin PBXTargetDependency section */
		1B8ED6B91C8AB61C00FB09F8 /* PBXTargetDependency */ = {
			isa = PBXTargetDependency;
			target = 1B8ED69A1C8AB61C00FB09F8 /* School */;
			targetProxy = 1B8ED6B81C8AB61C00FB09F8 /* PBXContainerItemProxy */;
		};
/* End PBXTargetDependency section */

/* Begin PBXVariantGroup section */
		1B8ED6B01C8AB61C00FB09F8 /* LaunchScreen.xib */ = {
			isa = PBXVariantGroup;
			children = (
				1B8ED6B11C8AB61C00FB09F8 /* Base */,
			);
			name = LaunchScreen.xib;
			sourceTree = "<group>";
		};
/* End PBXVariantGroup section */

/* Begin XCBuildConfiguration section */
		1B8ED6BF1C8AB61C00FB09F8 /* Debug */ = {
			isa = XCBuildConfiguration;
			buildSettings = {
				ALWAYS_SEARCH_USER_PATHS = NO;
				CLANG_CXX_LANGUAGE_STANDARD = "gnu++0x";
				CLANG_CXX_LIBRARY = "libc++";
				CLANG_ENABLE_MODULES = YES;
				CLANG_ENABLE_OBJC_ARC = YES;
				CLANG_WARN_BOOL_CONVERSION = YES;
				CLANG_WARN_CONSTANT_CONVERSION = YES;
				CLANG_WARN_DIRECT_OBJC_ISA_USAGE = YES_ERROR;
				CLANG_WARN_EMPTY_BODY = YES;
				CLANG_WARN_ENUM_CONVERSION = YES;
				CLANG_WARN_INT_CONVERSION = YES;
				CLANG_WARN_OBJC_ROOT_CLASS = YES_ERROR;
				CLANG_WARN_UNREACHABLE_CODE = YES;
				CLANG_WARN__DUPLICATE_METHOD_MATCH = YES;
				"CODE_SIGN_IDENTITY[sdk=iphoneos*]" = "iPhone Developer";
				COPY_PHASE_STRIP = NO;
				DEBUG_INFORMATION_FORMAT = "dwarf-with-dsym";
				ENABLE_STRICT_OBJC_MSGSEND = YES;
				GCC_C_LANGUAGE_STANDARD = gnu99;
				GCC_DYNAMIC_NO_PIC = NO;
				GCC_NO_COMMON_BLOCKS = YES;
				GCC_OPTIMIZATION_LEVEL = 0;
				GCC_PREPROCESSOR_DEFINITIONS = (
					"DEBUG=1",
					"$(inherited)",
				);
				GCC_SYMBOLS_PRIVATE_EXTERN = NO;
				GCC_WARN_64_TO_32_BIT_CONVERSION = YES;
				GCC_WARN_ABOUT_RETURN_TYPE = YES_ERROR;
				GCC_WARN_UNDECLARED_SELECTOR = YES;
				GCC_WARN_UNINITIALIZED_AUTOS = YES_AGGRESSIVE;
				GCC_WARN_UNUSED_FUNCTION = YES;
				GCC_WARN_UNUSED_VARIABLE = YES;
				IPHONEOS_DEPLOYMENT_TARGET = 8.4;
				MTL_ENABLE_DEBUG_INFO = YES;
				ONLY_ACTIVE_ARCH = YES;
				SDKROOT = iphoneos;
			};
			name = Debug;
		};
		1B8ED6C01C8AB61C00FB09F8 /* Release */ = {
			isa = XCBuildConfiguration;
			buildSettings = {
				ALWAYS_SEARCH_USER_PATHS = NO;
				CLANG_CXX_LANGUAGE_STANDARD = "gnu++0x";
				CLANG_CXX_LIBRARY = "libc++";
				CLANG_ENABLE_MODULES = YES;
				CLANG_ENABLE_OBJC_ARC = YES;
				CLANG_WARN_BOOL_CONVERSION = YES;
				CLANG_WARN_CONSTANT_CONVERSION = YES;
				CLANG_WARN_DIRECT_OBJC_ISA_USAGE = YES_ERROR;
				CLANG_WARN_EMPTY_BODY = YES;
				CLANG_WARN_ENUM_CONVERSION = YES;
				CLANG_WARN_INT_CONVERSION = YES;
				CLANG_WARN_OBJC_ROOT_CLASS = YES_ERROR;
				CLANG_WARN_UNREACHABLE_CODE = YES;
				CLANG_WARN__DUPLICATE_METHOD_MATCH = YES;
				"CODE_SIGN_IDENTITY[sdk=iphoneos*]" = "iPhone Developer";
				COPY_PHASE_STRIP = NO;
				DEBUG_INFORMATION_FORMAT = "dwarf-with-dsym";
				ENABLE_NS_ASSERTIONS = NO;
				ENABLE_STRICT_OBJC_MSGSEND = YES;
				GCC_C_LANGUAGE_STANDARD = gnu99;
				GCC_NO_COMMON_BLOCKS = YES;
				GCC_WARN_64_TO_32_BIT_CONVERSION = YES;
				GCC_WARN_ABOUT_RETURN_TYPE = YES_ERROR;
				GCC_WARN_UNDECLARED_SELECTOR = YES;
				GCC_WARN_UNINITIALIZED_AUTOS = YES_AGGRESSIVE;
				GCC_WARN_UNUSED_FUNCTION = YES;
				GCC_WARN_UNUSED_VARIABLE = YES;
				IPHONEOS_DEPLOYMENT_TARGET = 8.4;
				MTL_ENABLE_DEBUG_INFO = NO;
				SDKROOT = iphoneos;
				VALIDATE_PRODUCT = YES;
			};
			name = Release;
		};
		1B8ED6C21C8AB61C00FB09F8 /* Debug */ = {
			isa = XCBuildConfiguration;
			baseConfigurationReference = 347A777F4F80539A01167F4C /* Pods.debug.xcconfig */;
			buildSettings = {
				ASSETCATALOG_COMPILER_APPICON_NAME = AppIcon;
				ASSETCATALOG_COMPILER_LAUNCHIMAGE_NAME = LaunchImage;
				GCC_PREFIX_HEADER = "$(SRCROOT)/School/PrefixHeader.pch";
				INFOPLIST_FILE = School/Info.plist;
				LD_RUNPATH_SEARCH_PATHS = "$(inherited) @executable_path/Frameworks";
				PRODUCT_NAME = "$(TARGET_NAME)";
				USER_HEADER_SEARCH_PATHS = "$(PODS_ROOT)/**";
			};
			name = Debug;
		};
		1B8ED6C31C8AB61C00FB09F8 /* Release */ = {
			isa = XCBuildConfiguration;
			baseConfigurationReference = D9533113CCF834505D451ABE /* Pods.release.xcconfig */;
			buildSettings = {
				ASSETCATALOG_COMPILER_APPICON_NAME = AppIcon;
				ASSETCATALOG_COMPILER_LAUNCHIMAGE_NAME = LaunchImage;
				GCC_PREFIX_HEADER = "$(SRCROOT)/School/PrefixHeader.pch";
				INFOPLIST_FILE = School/Info.plist;
				LD_RUNPATH_SEARCH_PATHS = "$(inherited) @executable_path/Frameworks";
				PRODUCT_NAME = "$(TARGET_NAME)";
				USER_HEADER_SEARCH_PATHS = "$(PODS_ROOT)/**";
			};
			name = Release;
		};
		1B8ED6C51C8AB61C00FB09F8 /* Debug */ = {
			isa = XCBuildConfiguration;
			buildSettings = {
				BUNDLE_LOADER = "$(TEST_HOST)";
				FRAMEWORK_SEARCH_PATHS = (
					"$(SDKROOT)/Developer/Library/Frameworks",
					"$(inherited)",
				);
				GCC_PREPROCESSOR_DEFINITIONS = (
					"DEBUG=1",
					"$(inherited)",
				);
				INFOPLIST_FILE = SchoolTests/Info.plist;
				LD_RUNPATH_SEARCH_PATHS = "$(inherited) @executable_path/Frameworks @loader_path/Frameworks";
				PRODUCT_NAME = "$(TARGET_NAME)";
				TEST_HOST = "$(BUILT_PRODUCTS_DIR)/School.app/School";
			};
			name = Debug;
		};
		1B8ED6C61C8AB61C00FB09F8 /* Release */ = {
			isa = XCBuildConfiguration;
			buildSettings = {
				BUNDLE_LOADER = "$(TEST_HOST)";
				FRAMEWORK_SEARCH_PATHS = (
					"$(SDKROOT)/Developer/Library/Frameworks",
					"$(inherited)",
				);
				INFOPLIST_FILE = SchoolTests/Info.plist;
				LD_RUNPATH_SEARCH_PATHS = "$(inherited) @executable_path/Frameworks @loader_path/Frameworks";
				PRODUCT_NAME = "$(TARGET_NAME)";
				TEST_HOST = "$(BUILT_PRODUCTS_DIR)/School.app/School";
			};
			name = Release;
		};
/* End XCBuildConfiguration section */

/* Begin XCConfigurationList section */
		1B8ED6961C8AB61C00FB09F8 /* Build configuration list for PBXProject "School" */ = {
			isa = XCConfigurationList;
			buildConfigurations = (
				1B8ED6BF1C8AB61C00FB09F8 /* Debug */,
				1B8ED6C01C8AB61C00FB09F8 /* Release */,
			);
			defaultConfigurationIsVisible = 0;
			defaultConfigurationName = Release;
		};
		1B8ED6C11C8AB61C00FB09F8 /* Build configuration list for PBXNativeTarget "School" */ = {
			isa = XCConfigurationList;
			buildConfigurations = (
				1B8ED6C21C8AB61C00FB09F8 /* Debug */,
				1B8ED6C31C8AB61C00FB09F8 /* Release */,
			);
			defaultConfigurationIsVisible = 0;
			defaultConfigurationName = Release;
		};
		1B8ED6C41C8AB61C00FB09F8 /* Build configuration list for PBXNativeTarget "SchoolTests" */ = {
			isa = XCConfigurationList;
			buildConfigurations = (
				1B8ED6C51C8AB61C00FB09F8 /* Debug */,
				1B8ED6C61C8AB61C00FB09F8 /* Release */,
			);
			defaultConfigurationIsVisible = 0;
			defaultConfigurationName = Release;
		};
/* End XCConfigurationList section */

/* Begin XCVersionGroup section */
		1B8ED6A51C8AB61C00FB09F8 /* School.xcdatamodeld */ = {
			isa = XCVersionGroup;
			children = (
				1B8ED6A61C8AB61C00FB09F8 /* School.xcdatamodel */,
			);
			currentVersion = 1B8ED6A61C8AB61C00FB09F8 /* School.xcdatamodel */;
			path = School.xcdatamodeld;
			sourceTree = "<group>";
			versionGroupType = wrapper.xcdatamodel;
		};
/* End XCVersionGroup section */
	};
	rootObject = 1B8ED6931C8AB61C00FB09F8 /* Project object */;
}
